# THIS IS AN AUTOGENERATED FILE. DO NOT EDIT THIS FILE DIRECTLY.
# yarn lockfile v1


axios@^0.21.1:
  version "0.21.1"
  resolved "https://registry.yarnpkg.com/axios/-/axios-0.21.1.tgz#22563481962f4d6bde9a76d516ef0e5d3c09b2b8"
  integrity sha512-dKQiRHxGD9PPRIUNIWvZhPTPpl1rf/OxTYKsqKUDjBwYylTvV7SjSHJb9ratfyzM6wCdLCOYLzs73qpg5c4iGA==
  dependencies:
    follow-redirects "^1.10.0"

follow-redirects@^1.10.0:
  version "1.14.1"
  resolved "https://registry.yarnpkg.com/follow-redirects/-/follow-redirects-1.14.1.tgz#d9114ded0a1cfdd334e164e6662ad02bfd91ff43"
  integrity sha512-HWqDgT7ZEkqRzBvc2s64vSZ/hfOceEol3ac/7tKwzuvEyWx3/4UegXh5oBOIotkGsObyk3xznnSRVADBgWSQVg==

httpntlm@^1.7.7:
  version "1.7.7"
  resolved "https://registry.yarnpkg.com/httpntlm/-/httpntlm-1.7.7.tgz#51b914f18e5de2868d4bfe50aeecdb1db23218a1"
  integrity sha512-Pv2Rvrz8H0qv1Dne5mAdZ9JegG1uc6Vu5lwLflIY6s8RKHdZQbW39L4dYswSgqMDT0pkJILUTKjeyU0VPNRZjA==
  dependencies:
    httpreq ">=0.4.22"
    underscore "~1.12.1"

httpreq@>=0.4.22:
  version "0.4.24"
  resolved "https://registry.yarnpkg.com/httpreq/-/httpreq-0.4.24.tgz#4335ffd82cd969668a39465c929ac61d6393627f"
  integrity sha1-QzX/2CzZaWaKOUZckprGHWOTYn8=

lodash@^4.17.21:
  version "4.17.21"
  resolved "https://registry.yarnpkg.com/lodash/-/lodash-4.17.21.tgz#679591c564c3bffaae8454cf0b3df370c3d6911c"
  integrity sha512-v2kDEe57lecTulaDIuNTPy3Ry4gLGJ6Z1O3vE1krgXZNrsQ+LFTGHVxVjcXPs17LhbZVGedAJv8XZ1tvj5FvSg==

underscore@~1.12.1:
  version "1.12.1"
  resolved "https://registry.yarnpkg.com/underscore/-/underscore-1.12.1.tgz#7bb8cc9b3d397e201cf8553336d262544ead829e"
  integrity sha512-hEQt0+ZLDVUMhebKxL4x1BTtDY7bavVofhZ9KZ4aI26X9SRaE+Y3m83XUL1UP2jn8ynjndwCCpEHdUG+9pP1Tw==
